
Microsoft Visual Studio Solution File, Format Version 12.00
# Visual Studio Version 17
VisualStudioVersion = 17.5.33516.290
MinimumVisualStudioVersion = 10.0.40219.1
Project("{FAE04EC0-301F-11D3-BF4B-00C04F79EFBC}") = "testAPI", "testAPI.csproj", "{06256659-61A2-4755-9473-B8E1818821FE}"
EndProject
Global
	GlobalSection(SolutionConfigurationPlatforms) = preSolution
		Debug|Any CPU = Debug|Any CPU
		Release|Any CPU = Release|Any CPU
	EndGlobalSection
	GlobalSection(ProjectConfigurationPlatforms) = postSolution
		{06256659-61A2-4755-9473-B8E1818821FE}.Debug|Any CPU.ActiveCfg = Debug|Any CPU
		{06256659-61A2-4755-9473-B8E1818821FE}.Debug|Any CPU.Build.0 = Debug|Any CPU
		{06256659-61A2-4755-9473-B8E1818821FE}.Release|Any CPU.ActiveCfg = Release|Any CPU
		{06256659-61A2-4755-9473-B8E1818821FE}.Release|Any CPU.Build.0 = Release|Any CPU
	EndGlobalSection
	GlobalSection(SolutionProperties) = preSolution
		HideSolutionNode = FALSE
	EndGlobalSection
	GlobalSection(ExtensibilityGlobals) = postSolution
		SolutionGuid = {D2088224-963D-4710-9B46-5315F6EDC14F}
	EndGlobalSection
EndGlobal
